PODS:
  - CocoaLumberjack (3.8.5):
    - CocoaLumberjack/Core (= 3.8.5)
  - CocoaLumberjack/Core (3.8.5)
  - PINCache (3.0.3):
    - PINCache/Arc-exception-safe (= 3.0.3)
    - PINCache/Core (= 3.0.3)
  - PINCache/Arc-exception-safe (3.0.3):
    - PINCache/Core
  - PINCache/Core (3.0.3):
    - PINOperation (~> 1.2.1)
  - PINOperation (1.2.3)
  - taglib-pod (2.1)

DEPENDENCIES:
  - CocoaLumberjack
  - PINCache
  - taglib-pod (from `https://github.com/cmicali/taglib-pod.git`, tag `2.1`)

SPEC REPOS:
  trunk:
    - CocoaLumberjack
    - PINCache
    - PINOperation

EXTERNAL SOURCES:
  taglib-pod:
    :git: https://github.com/cmicali/taglib-pod.git
    :tag: '2.1'

CHECKOUT OPTIONS:
  taglib-pod:
    :git: https://github.com/cmicali/taglib-pod.git
    :tag: '2.1'

SPEC CHECKSUMS:
  CocoaLumberjack: 6a459bc897d6d80bd1b8c78482ec7ad05dffc3f0
  PINCache: 7a8fc1a691173d21dbddbf86cd515de6efa55086
  PINOperation: fb563bcc9c32c26d6c78aaff967d405aa2ee74a7
  taglib-pod: 8524fd1d05610b2a3e362cb581c3d0d5648a0ec3

PODFILE CHECKSUM: 46463d599acb459c73c1a63f7694b9e98a4bd64a

COCOAPODS: 1.16.2
