// !$*UTF8*$!
{
	archiveVersion = 1;
	classes = {
	};
	objectVersion = 51;
	objects = {

/* Begin PBXBuildFile section */
		34FF41BE3184E3C5506D4AE3 /* AlphaButton.m in Sources */ = {isa = PBXBuildFile; fileRef = 34FF4E4E303E6C2E8464B3F0 /* AlphaButton.m */; };
		34FF41F5F64CA81A54C15EBC /* AudioTrack.m in Sources */ = {isa = PBXBuildFile; fileRef = 34FF4F22665F4945EBFF675E /* AudioTrack.m */; };
		34FF42EB48C6F88B3E1B894F /* SYFlatButton.m in Sources */ = {isa = PBXBuildFile; fileRef = 34FF4C192B65C1414E459443 /* SYFlatButton.m */; };
		34FF436EF02E710717AE6437 /* AudioWaveformView.m in Sources */ = {isa = PBXBuildFile; fileRef = 34FF49A3AB8C1B5F4A442BE7 /* AudioWaveformView.m */; };
		34FF4478E449DFA4CB901A2A /* PlaylistManager.m in Sources */ = {isa = PBXBuildFile; fileRef = 34FF420F46EEA64A522D8819 /* PlaylistManager.m */; };
		34FF44C6E3C9B3377BED7C95 /* NSURLUtil.m in Sources */ = {isa = PBXBuildFile; fileRef = 34FF47AA07AEC3807ECCC08E /* NSURLUtil.m */; };
		34FF44EE58D1AE8AD48B9279 /* PlaylistTextCell.m in Sources */ = {isa = PBXBuildFile; fileRef = 34FF47E18BBE829AD2958151 /* PlaylistTextCell.m */; };
		34FF45B77FA9EDF4258289C1 /* AudioTrackMetadata.mm in Sources */ = {isa = PBXBuildFile; fileRef = 34FF43F9CA9465FBDCC1823B /* AudioTrackMetadata.mm */; };
		34FF4639B011F3B4C8D939E3 /* Podfile in Resources */ = {isa = PBXBuildFile; fileRef = 34FF4F4C0BCCC1A1CA0898A0 /* Podfile */; };
		34FF474E4200A813A4A01606 /* NSString+CPPStrings.mm in Sources */ = {isa = PBXBuildFile; fileRef = 34FF4362BDC6132353A0962D /* NSString+CPPStrings.mm */; };
		34FF475D4880890412DE030D /* record-black-1024.png in Resources */ = {isa = PBXBuildFile; fileRef = 34FF45ADA8486C82A966DEAB /* record-black-1024.png */; };
		34FF480939F28858AEDD48A9 /* NSImage+Util.m in Sources */ = {isa = PBXBuildFile; fileRef = 34FF4979AAEF8F0FF67CD36B /* NSImage+Util.m */; };
		34FF487C9B7D9AD974784F26 /* NSDockTile+Util.m in Sources */ = {isa = PBXBuildFile; fileRef = 34FF422B054BBF951A4D63CA /* NSDockTile+Util.m */; };
		34FF49E36A38DEEE0C5C5BF7 /* ScaledImageView.m in Sources */ = {isa = PBXBuildFile; fileRef = 34FF4F8F09CF678A390DEC79 /* ScaledImageView.m */; };
		34FF4A3057CF1506B3DE7CCF /* MainWindow.m in Sources */ = {isa = PBXBuildFile; fileRef = 34FF4980C587464F5CCB1366 /* MainWindow.m */; };
		34FF4D27197C1E52BD1AA878 /* RSVerticallyCenteredTextFieldCell.m in Sources */ = {isa = PBXBuildFile; fileRef = 34FF46A2B945CC4BA686BFA8 /* RSVerticallyCenteredTextFieldCell.m */; };
		34FF4D4DC8BA8931F1C6B3E0 /* record-transparent-1024.png in Resources */ = {isa = PBXBuildFile; fileRef = 34FF4FDEFEF9486F4CBB5B1D /* record-transparent-1024.png */; };
		34FF4E2D117470FD1A7BADA7 /* AudioWaveform.m in Sources */ = {isa = PBXBuildFile; fileRef = 34FF4B7D771D555B51BA2B36 /* AudioWaveform.m */; };
		B64B6A1123A6C72400B91994 /* noun_first_839216.svg in Resources */ = {isa = PBXBuildFile; fileRef = B64B6A0A23A6C72400B91994 /* noun_first_839216.svg */; };
		B64B6A1223A6C72400B91994 /* noun_first_839217.svg in Resources */ = {isa = PBXBuildFile; fileRef = B64B6A0B23A6C72400B91994 /* noun_first_839217.svg */; };
		B64B6A1323A6C72400B91994 /* noun_next_839213.svg in Resources */ = {isa = PBXBuildFile; fileRef = B64B6A0C23A6C72400B91994 /* noun_next_839213.svg */; };
		B64B6A1423A6C72400B91994 /* noun_next_839211.svg in Resources */ = {isa = PBXBuildFile; fileRef = B64B6A0D23A6C72400B91994 /* noun_next_839211.svg */; };
		B64B6A1523A6C72400B91994 /* noun_play_839207.svg in Resources */ = {isa = PBXBuildFile; fileRef = B64B6A0E23A6C72400B91994 /* noun_play_839207.svg */; };
		B64B6A1623A6C72400B91994 /* noun_play_839208.svg in Resources */ = {isa = PBXBuildFile; fileRef = B64B6A0F23A6C72400B91994 /* noun_play_839208.svg */; };
		B64B6A1723A6C72400B91994 /* noun_pause_839209.svg in Resources */ = {isa = PBXBuildFile; fileRef = B64B6A1023A6C72400B91994 /* noun_pause_839209.svg */; };
		B660F21A23A6B8C600BBD9C8 /* MainPlayerController.m in Sources */ = {isa = PBXBuildFile; fileRef = B660F21823A6B8C600BBD9C8 /* MainPlayerController.m */; };
		B660F21B23A6B8C600BBD9C8 /* MainPlayerWindow.xib in Resources */ = {isa = PBXBuildFile; fileRef = B660F21923A6B8C600BBD9C8 /* MainPlayerWindow.xib */; };
		B6C43BC423AA5837009B6536 /* AudioPlayer.m in Sources */ = {isa = PBXBuildFile; fileRef = B6C43BC323AA5837009B6536 /* AudioPlayer.m */; };
		B6C43BD923AA7188009B6536 /* libbass.dylib in Frameworks */ = {isa = PBXBuildFile; fileRef = B6C43BD323AA7188009B6536 /* libbass.dylib */; };
		B6C43BDA23AA7188009B6536 /* libbassflac.dylib in Frameworks */ = {isa = PBXBuildFile; fileRef = B6C43BD523AA7188009B6536 /* libbassflac.dylib */; };
		B6C43BDB23AA7188009B6536 /* libtags.dylib in Frameworks */ = {isa = PBXBuildFile; fileRef = B6C43BD623AA7188009B6536 /* libtags.dylib */; };
		B6C43BDC23AA7346009B6536 /* libbass.dylib in Embed Frameworks */ = {isa = PBXBuildFile; fileRef = B6C43BD323AA7188009B6536 /* libbass.dylib */; settings = {ATTRIBUTES = (CodeSignOnCopy, ); }; };
		B6C43BDD23AA7347009B6536 /* libbassflac.dylib in Embed Frameworks */ = {isa = PBXBuildFile; fileRef = B6C43BD523AA7188009B6536 /* libbassflac.dylib */; settings = {ATTRIBUTES = (CodeSignOnCopy, ); }; };
		B6C43BDE23AA7349009B6536 /* libtags.dylib in Embed Frameworks */ = {isa = PBXBuildFile; fileRef = B6C43BD623AA7188009B6536 /* libtags.dylib */; settings = {ATTRIBUTES = (CodeSignOnCopy, ); }; };
		B6E7883623A562360035BCD0 /* AppDelegate.m in Sources */ = {isa = PBXBuildFile; fileRef = B6E7883523A562360035BCD0 /* AppDelegate.m */; };
		B6E7883823A562380035BCD0 /* Assets.xcassets in Resources */ = {isa = PBXBuildFile; fileRef = B6E7883723A562380035BCD0 /* Assets.xcassets */; };
		B6E7883B23A562380035BCD0 /* MainMenu.xib in Resources */ = {isa = PBXBuildFile; fileRef = B6E7883923A562380035BCD0 /* MainMenu.xib */; };
		B6E7883E23A562380035BCD0 /* main.m in Sources */ = {isa = PBXBuildFile; fileRef = B6E7883D23A562380035BCD0 /* main.m */; };
		B6E7885D23A564A40035BCD0 /* Accelerate.framework in Frameworks */ = {isa = PBXBuildFile; fileRef = B6E7885C23A564A40035BCD0 /* Accelerate.framework */; };
		B6E7885F23A564AD0035BCD0 /* ApplicationServices.framework in Frameworks */ = {isa = PBXBuildFile; fileRef = B6E7885E23A564AD0035BCD0 /* ApplicationServices.framework */; };
		B6E7886123A564C20035BCD0 /* QuartzCore.framework in Frameworks */ = {isa = PBXBuildFile; fileRef = B6E7886023A564C20035BCD0 /* QuartzCore.framework */; };
		E685DCCCB1E10C9857B1C9EA /* Pods_Vibe.framework in Frameworks */ = {isa = PBXBuildFile; fileRef = 0763E621179A31A3B489CCC2 /* Pods_Vibe.framework */; };
/* End PBXBuildFile section */

/* Begin PBXCopyFilesBuildPhase section */
		B6E7885B23A563780035BCD0 /* Embed Frameworks */ = {
			isa = PBXCopyFilesBuildPhase;
			buildActionMask = 2147483647;
			dstPath = "";
			dstSubfolderSpec = 10;
			files = (
				B6C43BDC23AA7346009B6536 /* libbass.dylib in Embed Frameworks */,
				B6C43BDE23AA7349009B6536 /* libtags.dylib in Embed Frameworks */,
				B6C43BDD23AA7347009B6536 /* libbassflac.dylib in Embed Frameworks */,
			);
			name = "Embed Frameworks";
			runOnlyForDeploymentPostprocessing = 0;
		};
/* End PBXCopyFilesBuildPhase section */

/* Begin PBXFileReference section */
		0763E621179A31A3B489CCC2 /* Pods_Vibe.framework */ = {isa = PBXFileReference; explicitFileType = wrapper.framework; includeInIndex = 0; path = Pods_Vibe.framework; sourceTree = BUILT_PRODUCTS_DIR; };
		25635E47A34F0C3EAEB23D01 /* Pods-Vibe.release.xcconfig */ = {isa = PBXFileReference; includeInIndex = 1; lastKnownFileType = text.xcconfig; name = "Pods-Vibe.release.xcconfig"; path = "Target Support Files/Pods-Vibe/Pods-Vibe.release.xcconfig"; sourceTree = "<group>"; };
		34FF40AF244ECCFCBF37142E /* NSURLUtil.h */ = {isa = PBXFileReference; fileEncoding = 4; lastKnownFileType = sourcecode.c.h; path = NSURLUtil.h; sourceTree = "<group>"; };
		34FF4147C7DAD97510C4A67E /* PlaylistTextCell.h */ = {isa = PBXFileReference; fileEncoding = 4; lastKnownFileType = sourcecode.c.h; path = PlaylistTextCell.h; sourceTree = "<group>"; };
		34FF420F46EEA64A522D8819 /* PlaylistManager.m */ = {isa = PBXFileReference; fileEncoding = 4; lastKnownFileType = sourcecode.c.objc; path = PlaylistManager.m; sourceTree = "<group>"; };
		34FF422B054BBF951A4D63CA /* NSDockTile+Util.m */ = {isa = PBXFileReference; fileEncoding = 4; lastKnownFileType = sourcecode.c.objc; path = "NSDockTile+Util.m"; sourceTree = "<group>"; };
		34FF42B28E14C5CA422064E4 /* Util.h */ = {isa = PBXFileReference; fileEncoding = 4; lastKnownFileType = sourcecode.c.h; path = Util.h; sourceTree = "<group>"; };
		34FF434CEE721220DE7E13F2 /* AudioWaveform.h */ = {isa = PBXFileReference; fileEncoding = 4; lastKnownFileType = sourcecode.c.h; path = AudioWaveform.h; sourceTree = "<group>"; };
		34FF4362BDC6132353A0962D /* NSString+CPPStrings.mm */ = {isa = PBXFileReference; fileEncoding = 4; lastKnownFileType = sourcecode.cpp.objcpp; path = "NSString+CPPStrings.mm"; sourceTree = "<group>"; };
		34FF43F9CA9465FBDCC1823B /* AudioTrackMetadata.mm */ = {isa = PBXFileReference; fileEncoding = 4; lastKnownFileType = sourcecode.cpp.objcpp; path = AudioTrackMetadata.mm; sourceTree = "<group>"; };
		34FF44077EA6DE4A13AC10AF /* NSDockTile+Util.h */ = {isa = PBXFileReference; fileEncoding = 4; lastKnownFileType = sourcecode.c.h; path = "NSDockTile+Util.h"; sourceTree = "<group>"; };
		34FF442EF54F5CCF1D90CA4C /* SYFlatButton.h */ = {isa = PBXFileReference; fileEncoding = 4; lastKnownFileType = sourcecode.c.h; path = SYFlatButton.h; sourceTree = "<group>"; };
		34FF4439AAF27E72B2D9B89C /* PlaylistManager.h */ = {isa = PBXFileReference; fileEncoding = 4; lastKnownFileType = sourcecode.c.h; path = PlaylistManager.h; sourceTree = "<group>"; };
		34FF457BCFE238F6FBE97F6A /* NSString+CPPStrings.h */ = {isa = PBXFileReference; fileEncoding = 4; lastKnownFileType = sourcecode.c.h; path = "NSString+CPPStrings.h"; sourceTree = "<group>"; };
		34FF45ADA8486C82A966DEAB /* record-black-1024.png */ = {isa = PBXFileReference; lastKnownFileType = image.png; path = "record-black-1024.png"; sourceTree = "<group>"; };
		34FF46A2B945CC4BA686BFA8 /* RSVerticallyCenteredTextFieldCell.m */ = {isa = PBXFileReference; fileEncoding = 4; lastKnownFileType = sourcecode.c.objc; path = RSVerticallyCenteredTextFieldCell.m; sourceTree = "<group>"; };
		34FF46DD56FC08BB451009A0 /* AudioTrackMetadata.h */ = {isa = PBXFileReference; fileEncoding = 4; lastKnownFileType = sourcecode.c.h; path = AudioTrackMetadata.h; sourceTree = "<group>"; };
		34FF47AA07AEC3807ECCC08E /* NSURLUtil.m */ = {isa = PBXFileReference; fileEncoding = 4; lastKnownFileType = sourcecode.c.objc; path = NSURLUtil.m; sourceTree = "<group>"; };
		34FF47E18BBE829AD2958151 /* PlaylistTextCell.m */ = {isa = PBXFileReference; fileEncoding = 4; lastKnownFileType = sourcecode.c.objc; path = PlaylistTextCell.m; sourceTree = "<group>"; };
		34FF495980860234FA093E3B /* AudioTrack.h */ = {isa = PBXFileReference; fileEncoding = 4; lastKnownFileType = sourcecode.c.h; path = AudioTrack.h; sourceTree = "<group>"; };
		34FF4979AAEF8F0FF67CD36B /* NSImage+Util.m */ = {isa = PBXFileReference; fileEncoding = 4; lastKnownFileType = sourcecode.c.objc; path = "NSImage+Util.m"; sourceTree = "<group>"; };
		34FF4980C587464F5CCB1366 /* MainWindow.m */ = {isa = PBXFileReference; fileEncoding = 4; lastKnownFileType = sourcecode.c.objc; path = MainWindow.m; sourceTree = "<group>"; };
		34FF49A3AB8C1B5F4A442BE7 /* AudioWaveformView.m */ = {isa = PBXFileReference; fileEncoding = 4; lastKnownFileType = sourcecode.c.objc; path = AudioWaveformView.m; sourceTree = "<group>"; };
		34FF4ABA4C095C07500EEDED /* AudioWaveformView.h */ = {isa = PBXFileReference; fileEncoding = 4; lastKnownFileType = sourcecode.c.h; path = AudioWaveformView.h; sourceTree = "<group>"; };
		34FF4B7D771D555B51BA2B36 /* AudioWaveform.m */ = {isa = PBXFileReference; fileEncoding = 4; lastKnownFileType = sourcecode.c.objc; path = AudioWaveform.m; sourceTree = "<group>"; };
		34FF4B936B8091D6B7FB38A5 /* NSImage+Util.h */ = {isa = PBXFileReference; fileEncoding = 4; lastKnownFileType = sourcecode.c.h; path = "NSImage+Util.h"; sourceTree = "<group>"; };
		34FF4B95CF3CDCE604FDC5A0 /* MainWindow.h */ = {isa = PBXFileReference; fileEncoding = 4; lastKnownFileType = sourcecode.c.h; path = MainWindow.h; sourceTree = "<group>"; };
		34FF4C192B65C1414E459443 /* SYFlatButton.m */ = {isa = PBXFileReference; fileEncoding = 4; lastKnownFileType = sourcecode.c.objc; path = SYFlatButton.m; sourceTree = "<group>"; };
		34FF4C67357B0CA63EEAAE0A /* AlphaButton.h */ = {isa = PBXFileReference; fileEncoding = 4; lastKnownFileType = sourcecode.c.h; path = AlphaButton.h; sourceTree = "<group>"; };
		34FF4E467FF809A131FCD95B /* ScaledImageView.h */ = {isa = PBXFileReference; fileEncoding = 4; lastKnownFileType = sourcecode.c.h; path = ScaledImageView.h; sourceTree = "<group>"; };
		34FF4E4E303E6C2E8464B3F0 /* AlphaButton.m */ = {isa = PBXFileReference; fileEncoding = 4; lastKnownFileType = sourcecode.c.objc; path = AlphaButton.m; sourceTree = "<group>"; };
		34FF4E4FC9B88A92C58F15D6 /* RSVerticallyCenteredTextFieldCell.h */ = {isa = PBXFileReference; fileEncoding = 4; lastKnownFileType = sourcecode.c.h; path = RSVerticallyCenteredTextFieldCell.h; sourceTree = "<group>"; };
		34FF4F22665F4945EBFF675E /* AudioTrack.m */ = {isa = PBXFileReference; fileEncoding = 4; lastKnownFileType = sourcecode.c.objc; path = AudioTrack.m; sourceTree = "<group>"; };
		34FF4F4C0BCCC1A1CA0898A0 /* Podfile */ = {isa = PBXFileReference; fileEncoding = 4; lastKnownFileType = text; path = Podfile; sourceTree = "<group>"; };
		34FF4F8F09CF678A390DEC79 /* ScaledImageView.m */ = {isa = PBXFileReference; fileEncoding = 4; lastKnownFileType = sourcecode.c.objc; path = ScaledImageView.m; sourceTree = "<group>"; };
		34FF4FDEFEF9486F4CBB5B1D /* record-transparent-1024.png */ = {isa = PBXFileReference; lastKnownFileType = image.png; path = "record-transparent-1024.png"; sourceTree = "<group>"; };
		41543533A70D357DE2562A6C /* Pods-Vibe.debug.xcconfig */ = {isa = PBXFileReference; includeInIndex = 1; lastKnownFileType = text.xcconfig; name = "Pods-Vibe.debug.xcconfig"; path = "Target Support Files/Pods-Vibe/Pods-Vibe.debug.xcconfig"; sourceTree = "<group>"; };
		B64B6A0A23A6C72400B91994 /* noun_first_839216.svg */ = {isa = PBXFileReference; fileEncoding = 4; lastKnownFileType = text; path = noun_first_839216.svg; sourceTree = "<group>"; };
		B64B6A0B23A6C72400B91994 /* noun_first_839217.svg */ = {isa = PBXFileReference; fileEncoding = 4; lastKnownFileType = text; path = noun_first_839217.svg; sourceTree = "<group>"; };
		B64B6A0C23A6C72400B91994 /* noun_next_839213.svg */ = {isa = PBXFileReference; fileEncoding = 4; lastKnownFileType = text; path = noun_next_839213.svg; sourceTree = "<group>"; };
		B64B6A0D23A6C72400B91994 /* noun_next_839211.svg */ = {isa = PBXFileReference; fileEncoding = 4; lastKnownFileType = text; path = noun_next_839211.svg; sourceTree = "<group>"; };
		B64B6A0E23A6C72400B91994 /* noun_play_839207.svg */ = {isa = PBXFileReference; fileEncoding = 4; lastKnownFileType = text; path = noun_play_839207.svg; sourceTree = "<group>"; };
		B64B6A0F23A6C72400B91994 /* noun_play_839208.svg */ = {isa = PBXFileReference; fileEncoding = 4; lastKnownFileType = text; path = noun_play_839208.svg; sourceTree = "<group>"; };
		B64B6A1023A6C72400B91994 /* noun_pause_839209.svg */ = {isa = PBXFileReference; fileEncoding = 4; lastKnownFileType = text.xml; path = noun_pause_839209.svg; sourceTree = "<group>"; };
		B660F21723A6B8C600BBD9C8 /* MainPlayerController.h */ = {isa = PBXFileReference; lastKnownFileType = sourcecode.c.h; path = MainPlayerController.h; sourceTree = "<group>"; };
		B660F21823A6B8C600BBD9C8 /* MainPlayerController.m */ = {isa = PBXFileReference; lastKnownFileType = sourcecode.c.objc; path = MainPlayerController.m; sourceTree = "<group>"; };
		B660F21923A6B8C600BBD9C8 /* MainPlayerWindow.xib */ = {isa = PBXFileReference; lastKnownFileType = file.xib; path = MainPlayerWindow.xib; sourceTree = "<group>"; };
		B6A7C07823ABD056007739BA /* Vibe.pch */ = {isa = PBXFileReference; lastKnownFileType = sourcecode.c.h; path = Vibe.pch; sourceTree = "<group>"; };
		B6C43BC223AA5837009B6536 /* AudioPlayer.h */ = {isa = PBXFileReference; lastKnownFileType = sourcecode.c.h; path = AudioPlayer.h; sourceTree = "<group>"; };
		B6C43BC323AA5837009B6536 /* AudioPlayer.m */ = {isa = PBXFileReference; lastKnownFileType = sourcecode.c.objc; path = AudioPlayer.m; sourceTree = "<group>"; };
		B6C43BD323AA7188009B6536 /* libbass.dylib */ = {isa = PBXFileReference; lastKnownFileType = "compiled.mach-o.dylib"; path = libbass.dylib; sourceTree = "<group>"; };
		B6C43BD423AA7188009B6536 /* bassflac.h */ = {isa = PBXFileReference; fileEncoding = 4; lastKnownFileType = sourcecode.c.h; path = bassflac.h; sourceTree = "<group>"; };
		B6C43BD523AA7188009B6536 /* libbassflac.dylib */ = {isa = PBXFileReference; lastKnownFileType = "compiled.mach-o.dylib"; path = libbassflac.dylib; sourceTree = "<group>"; };
		B6C43BD623AA7188009B6536 /* libtags.dylib */ = {isa = PBXFileReference; lastKnownFileType = "compiled.mach-o.dylib"; path = libtags.dylib; sourceTree = "<group>"; };
		B6C43BD723AA7188009B6536 /* tags.h */ = {isa = PBXFileReference; fileEncoding = 4; lastKnownFileType = sourcecode.c.h; path = tags.h; sourceTree = "<group>"; };
		B6C43BD823AA7188009B6536 /* bass.h */ = {isa = PBXFileReference; fileEncoding = 4; lastKnownFileType = sourcecode.c.h; path = bass.h; sourceTree = "<group>"; };
		B6E7883123A562360035BCD0 /* Vibe.app */ = {isa = PBXFileReference; explicitFileType = wrapper.application; includeInIndex = 0; path = Vibe.app; sourceTree = BUILT_PRODUCTS_DIR; };
		B6E7883423A562360035BCD0 /* AppDelegate.h */ = {isa = PBXFileReference; lastKnownFileType = sourcecode.c.h; path = AppDelegate.h; sourceTree = "<group>"; };
		B6E7883523A562360035BCD0 /* AppDelegate.m */ = {isa = PBXFileReference; lastKnownFileType = sourcecode.c.objc; path = AppDelegate.m; sourceTree = "<group>"; };
		B6E7883723A562380035BCD0 /* Assets.xcassets */ = {isa = PBXFileReference; lastKnownFileType = folder.assetcatalog; path = Assets.xcassets; sourceTree = "<group>"; };
		B6E7883A23A562380035BCD0 /* Base */ = {isa = PBXFileReference; lastKnownFileType = file.xib; name = Base; path = Base.lproj/MainMenu.xib; sourceTree = "<group>"; };
		B6E7883C23A562380035BCD0 /* Info.plist */ = {isa = PBXFileReference; lastKnownFileType = text.plist.xml; path = Info.plist; sourceTree = "<group>"; };
		B6E7883D23A562380035BCD0 /* main.m */ = {isa = PBXFileReference; lastKnownFileType = sourcecode.c.objc; path = main.m; sourceTree = "<group>"; };
		B6E7883F23A562380035BCD0 /* Vibe.entitlements */ = {isa = PBXFileReference; lastKnownFileType = text.plist.entitlements; path = Vibe.entitlements; sourceTree = "<group>"; };
		B6E7885C23A564A40035BCD0 /* Accelerate.framework */ = {isa = PBXFileReference; lastKnownFileType = wrapper.framework; name = Accelerate.framework; path = System/Library/Frameworks/Accelerate.framework; sourceTree = SDKROOT; };
		B6E7885E23A564AD0035BCD0 /* ApplicationServices.framework */ = {isa = PBXFileReference; lastKnownFileType = wrapper.framework; name = ApplicationServices.framework; path = System/Library/Frameworks/ApplicationServices.framework; sourceTree = SDKROOT; };
		B6E7886023A564C20035BCD0 /* QuartzCore.framework */ = {isa = PBXFileReference; lastKnownFileType = wrapper.framework; name = QuartzCore.framework; path = System/Library/Frameworks/QuartzCore.framework; sourceTree = SDKROOT; };
/* End PBXFileReference section */

/* Begin PBXFrameworksBuildPhase section */
		B6E7882E23A562360035BCD0 /* Frameworks */ = {
			isa = PBXFrameworksBuildPhase;
			buildActionMask = 2147483647;
			files = (
				B6C43BDB23AA7188009B6536 /* libtags.dylib in Frameworks */,
				B6E7886123A564C20035BCD0 /* QuartzCore.framework in Frameworks */,
				B6E7885F23A564AD0035BCD0 /* ApplicationServices.framework in Frameworks */,
				B6E7885D23A564A40035BCD0 /* Accelerate.framework in Frameworks */,
				B6C43BD923AA7188009B6536 /* libbass.dylib in Frameworks */,
				E685DCCCB1E10C9857B1C9EA /* Pods_Vibe.framework in Frameworks */,
				B6C43BDA23AA7188009B6536 /* libbassflac.dylib in Frameworks */,
			);
			runOnlyForDeploymentPostprocessing = 0;
		};
/* End PBXFrameworksBuildPhase section */

/* Begin PBXGroup section */
		34FF40B806BAEDAB621E87C2 /* Util */ = {
			isa = PBXGroup;
			children = (
				34FF42B28E14C5CA422064E4 /* Util.h */,
				34FF40AF244ECCFCBF37142E /* NSURLUtil.h */,
				34FF47AA07AEC3807ECCC08E /* NSURLUtil.m */,
			);
			path = Util;
			sourceTree = "<group>";
		};
		34FF40ED83E80996C59F5E22 /* Playlist */ = {
			isa = PBXGroup;
			children = (
				34FF420F46EEA64A522D8819 /* PlaylistManager.m */,
				34FF4439AAF27E72B2D9B89C /* PlaylistManager.h */,
				34FF47E18BBE829AD2958151 /* PlaylistTextCell.m */,
				34FF4147C7DAD97510C4A67E /* PlaylistTextCell.h */,
			);
			path = Playlist;
			sourceTree = "<group>";
		};
		34FF43FE449C4ED94E7D45B8 /* UI */ = {
			isa = PBXGroup;
			children = (
				34FF4F8F09CF678A390DEC79 /* ScaledImageView.m */,
				34FF4E467FF809A131FCD95B /* ScaledImageView.h */,
				34FF46A2B945CC4BA686BFA8 /* RSVerticallyCenteredTextFieldCell.m */,
				34FF4E4FC9B88A92C58F15D6 /* RSVerticallyCenteredTextFieldCell.h */,
				34FF4E4E303E6C2E8464B3F0 /* AlphaButton.m */,
				34FF4C67357B0CA63EEAAE0A /* AlphaButton.h */,
				34FF4C192B65C1414E459443 /* SYFlatButton.m */,
				34FF442EF54F5CCF1D90CA4C /* SYFlatButton.h */,
			);
			path = UI;
			sourceTree = "<group>";
		};
		34FF48C886FF01D51470B6EE /* Audio */ = {
			isa = PBXGroup;
			children = (
				34FF43F9CA9465FBDCC1823B /* AudioTrackMetadata.mm */,
				34FF46DD56FC08BB451009A0 /* AudioTrackMetadata.h */,
				34FF4F22665F4945EBFF675E /* AudioTrack.m */,
				34FF495980860234FA093E3B /* AudioTrack.h */,
				34FF49A3AB8C1B5F4A442BE7 /* AudioWaveformView.m */,
				34FF4ABA4C095C07500EEDED /* AudioWaveformView.h */,
				B6C43BC223AA5837009B6536 /* AudioPlayer.h */,
				B6C43BC323AA5837009B6536 /* AudioPlayer.m */,
				34FF4B7D771D555B51BA2B36 /* AudioWaveform.m */,
				34FF434CEE721220DE7E13F2 /* AudioWaveform.h */,
			);
			path = Audio;
			sourceTree = "<group>";
		};
		34FF4E1AB366F3BE86BE31DC /* Extensions */ = {
			isa = PBXGroup;
			children = (
				34FF457BCFE238F6FBE97F6A /* NSString+CPPStrings.h */,
				34FF4362BDC6132353A0962D /* NSString+CPPStrings.mm */,
				34FF422B054BBF951A4D63CA /* NSDockTile+Util.m */,
				34FF44077EA6DE4A13AC10AF /* NSDockTile+Util.h */,
				34FF4979AAEF8F0FF67CD36B /* NSImage+Util.m */,
				34FF4B936B8091D6B7FB38A5 /* NSImage+Util.h */,
			);
			path = Extensions;
			sourceTree = "<group>";
		};
		40E5B0E384E4D10E23140ADD /* Pods */ = {
			isa = PBXGroup;
			children = (
				41543533A70D357DE2562A6C /* Pods-Vibe.debug.xcconfig */,
				25635E47A34F0C3EAEB23D01 /* Pods-Vibe.release.xcconfig */,
			);
			path = Pods;
			sourceTree = "<group>";
		};
		B64B6A0923A6C72400B91994 /* Resources */ = {
			isa = PBXGroup;
			children = (
				B64B6A0A23A6C72400B91994 /* noun_first_839216.svg */,
				B64B6A0B23A6C72400B91994 /* noun_first_839217.svg */,
				B64B6A0C23A6C72400B91994 /* noun_next_839213.svg */,
				B64B6A0D23A6C72400B91994 /* noun_next_839211.svg */,
				B64B6A0E23A6C72400B91994 /* noun_play_839207.svg */,
				B64B6A0F23A6C72400B91994 /* noun_play_839208.svg */,
				B64B6A1023A6C72400B91994 /* noun_pause_839209.svg */,
				34FF4FDEFEF9486F4CBB5B1D /* record-transparent-1024.png */,
				34FF45ADA8486C82A966DEAB /* record-black-1024.png */,
			);
			path = Resources;
			sourceTree = "<group>";
		};
		B6C43BD223AA7188009B6536 /* bass */ = {
			isa = PBXGroup;
			children = (
				B6C43BD323AA7188009B6536 /* libbass.dylib */,
				B6C43BD423AA7188009B6536 /* bassflac.h */,
				B6C43BD523AA7188009B6536 /* libbassflac.dylib */,
				B6C43BD623AA7188009B6536 /* libtags.dylib */,
				B6C43BD723AA7188009B6536 /* tags.h */,
				B6C43BD823AA7188009B6536 /* bass.h */,
			);
			name = bass;
			path = Libraries/bass;
			sourceTree = "<group>";
		};
		B6E7882823A562360035BCD0 = {
			isa = PBXGroup;
			children = (
				B6E7883323A562360035BCD0 /* Vibe */,
				B64B6A0923A6C72400B91994 /* Resources */,
				B6E7883223A562360035BCD0 /* Products */,
				B6E7885823A563780035BCD0 /* Frameworks */,
				40E5B0E384E4D10E23140ADD /* Pods */,
				34FF4F4C0BCCC1A1CA0898A0 /* Podfile */,
			);
			sourceTree = "<group>";
		};
		B6E7883223A562360035BCD0 /* Products */ = {
			isa = PBXGroup;
			children = (
				B6E7883123A562360035BCD0 /* Vibe.app */,
			);
			name = Products;
			sourceTree = "<group>";
		};
		B6E7883323A562360035BCD0 /* Vibe */ = {
			isa = PBXGroup;
			children = (
				34FF48C886FF01D51470B6EE /* Audio */,
				34FF4E1AB366F3BE86BE31DC /* Extensions */,
				34FF40ED83E80996C59F5E22 /* Playlist */,
				34FF40B806BAEDAB621E87C2 /* Util */,
				34FF43FE449C4ED94E7D45B8 /* UI */,
				B6E7883723A562380035BCD0 /* Assets.xcassets */,
				B6E7883423A562360035BCD0 /* AppDelegate.h */,
				B6E7883523A562360035BCD0 /* AppDelegate.m */,
				B6E7883923A562380035BCD0 /* MainMenu.xib */,
				B6E7883C23A562380035BCD0 /* Info.plist */,
				B6E7883D23A562380035BCD0 /* main.m */,
				B6E7883F23A562380035BCD0 /* Vibe.entitlements */,
				B660F21723A6B8C600BBD9C8 /* MainPlayerController.h */,
				B660F21823A6B8C600BBD9C8 /* MainPlayerController.m */,
				B660F21923A6B8C600BBD9C8 /* MainPlayerWindow.xib */,
				34FF4980C587464F5CCB1366 /* MainWindow.m */,
				34FF4B95CF3CDCE604FDC5A0 /* MainWindow.h */,
				B6A7C07823ABD056007739BA /* Vibe.pch */,
			);
			path = Vibe;
			sourceTree = "<group>";
		};
		B6E7885823A563780035BCD0 /* Frameworks */ = {
			isa = PBXGroup;
			children = (
				B6C43BD223AA7188009B6536 /* bass */,
				B6E7886023A564C20035BCD0 /* QuartzCore.framework */,
				B6E7885E23A564AD0035BCD0 /* ApplicationServices.framework */,
				B6E7885C23A564A40035BCD0 /* Accelerate.framework */,
				0763E621179A31A3B489CCC2 /* Pods_Vibe.framework */,
			);
			name = Frameworks;
			sourceTree = "<group>";
		};
/* End PBXGroup section */

/* Begin PBXNativeTarget section */
		B6E7883023A562360035BCD0 /* Vibe */ = {
			isa = PBXNativeTarget;
			buildConfigurationList = B6E7884223A562380035BCD0 /* Build configuration list for PBXNativeTarget "Vibe" */;
			buildPhases = (
				F5AC340121AAD3E209747E6C /* [CP] Check Pods Manifest.lock */,
				B6E7882D23A562360035BCD0 /* Sources */,
				B6E7882E23A562360035BCD0 /* Frameworks */,
				B6E7882F23A562360035BCD0 /* Resources */,
				B6E7885B23A563780035BCD0 /* Embed Frameworks */,
				3577F8F3C0F69C0E6CD8EB8A /* [CP] Embed Pods Frameworks */,
				B6C43BC723AA6D85009B6536 /* ShellScript */,
			);
			buildRules = (
			);
			dependencies = (
			);
			name = Vibe;
			productName = Vibe;
			productReference = B6E7883123A562360035BCD0 /* Vibe.app */;
			productType = "com.apple.product-type.application";
		};
/* End PBXNativeTarget section */

/* Begin PBXProject section */
		B6E7882923A562360035BCD0 /* Project object */ = {
			isa = PBXProject;
			attributes = {
				LastUpgradeCheck = 1130;
				ORGANIZATIONNAME = "Christopher Micali";
				TargetAttributes = {
					B6E7883023A562360035BCD0 = {
						CreatedOnToolsVersion = 11.3;
						LastSwiftMigration = 1130;
					};
				};
			};
			buildConfigurationList = B6E7882C23A562360035BCD0 /* Build configuration list for PBXProject "Vibe" */;
			compatibilityVersion = "Xcode 9.3";
			developmentRegion = en;
			hasScannedForEncodings = 0;
			knownRegions = (
				en,
				Base,
			);
			mainGroup = B6E7882823A562360035BCD0;
			productRefGroup = B6E7883223A562360035BCD0 /* Products */;
			projectDirPath = "";
			projectRoot = "";
			targets = (
				B6E7883023A562360035BCD0 /* Vibe */,
			);
		};
/* End PBXProject section */

/* Begin PBXResourcesBuildPhase section */
		B6E7882F23A562360035BCD0 /* Resources */ = {
			isa = PBXResourcesBuildPhase;
			buildActionMask = 2147483647;
			files = (
				B64B6A1723A6C72400B91994 /* noun_pause_839209.svg in Resources */,
				B64B6A1423A6C72400B91994 /* noun_next_839211.svg in Resources */,
				B6E7883823A562380035BCD0 /* Assets.xcassets in Resources */,
				B64B6A1223A6C72400B91994 /* noun_first_839217.svg in Resources */,
				B64B6A1523A6C72400B91994 /* noun_play_839207.svg in Resources */,
				B6E7883B23A562380035BCD0 /* MainMenu.xib in Resources */,
				B64B6A1123A6C72400B91994 /* noun_first_839216.svg in Resources */,
				B64B6A1623A6C72400B91994 /* noun_play_839208.svg in Resources */,
				B660F21B23A6B8C600BBD9C8 /* MainPlayerWindow.xib in Resources */,
				B64B6A1323A6C72400B91994 /* noun_next_839213.svg in Resources */,
				34FF4D4DC8BA8931F1C6B3E0 /* record-transparent-1024.png in Resources */,
				34FF475D4880890412DE030D /* record-black-1024.png in Resources */,
				34FF4639B011F3B4C8D939E3 /* Podfile in Resources */,
			);
			runOnlyForDeploymentPostprocessing = 0;
		};
/* End PBXResourcesBuildPhase section */

/* Begin PBXShellScriptBuildPhase section */
		3577F8F3C0F69C0E6CD8EB8A /* [CP] Embed Pods Frameworks */ = {
			isa = PBXShellScriptBuildPhase;
			buildActionMask = 2147483647;
			files = (
			);
			inputFileListPaths = (
				"${PODS_ROOT}/Target Support Files/Pods-Vibe/Pods-Vibe-frameworks-${CONFIGURATION}-input-files.xcfilelist",
			);
			name = "[CP] Embed Pods Frameworks";
			outputFileListPaths = (
				"${PODS_ROOT}/Target Support Files/Pods-Vibe/Pods-Vibe-frameworks-${CONFIGURATION}-output-files.xcfilelist",
			);
			runOnlyForDeploymentPostprocessing = 0;
			shellPath = /bin/sh;
			shellScript = "\"${PODS_ROOT}/Target Support Files/Pods-Vibe/Pods-Vibe-frameworks.sh\"\n";
			showEnvVarsInLog = 0;
		};
		B6C43BC723AA6D85009B6536 /* ShellScript */ = {
			isa = PBXShellScriptBuildPhase;
			buildActionMask = 2147483647;
			files = (
			);
			inputFileListPaths = (
			);
			inputPaths = (
			);
			outputFileListPaths = (
			);
			outputPaths = (
			);
			runOnlyForDeploymentPostprocessing = 0;
			shellPath = /bin/sh;
			shellScript = "# Type a script or drag a script file from your workspace to insert its path.\ninstall_name_tool -change @loader_path/libbass.dylib @executable_path/../Frameworks/libbass.dylib \"$TARGET_BUILD_DIR/$TARGET_NAME.app/Contents/MacOS/$PRODUCT_NAME\"\ninstall_name_tool -change @loader_path/libtags.dylib @executable_path/../Frameworks/libtags.dylib \"$TARGET_BUILD_DIR/$TARGET_NAME.app/Contents/MacOS/$PRODUCT_NAME\"\ninstall_name_tool -change @loader_path/libbassflac.dylib @executable_path/../Frameworks/libbassflac.dylib \"$TARGET_BUILD_DIR/$TARGET_NAME.app/Contents/MacOS/$PRODUCT_NAME\"\n";
		};
		F5AC340121AAD3E209747E6C /* [CP] Check Pods Manifest.lock */ = {
			isa = PBXShellScriptBuildPhase;
			buildActionMask = 2147483647;
			files = (
			);
			inputFileListPaths = (
			);
			inputPaths = (
				"${PODS_PODFILE_DIR_PATH}/Podfile.lock",
				"${PODS_ROOT}/Manifest.lock",
			);
			name = "[CP] Check Pods Manifest.lock";
			outputFileListPaths = (
			);
			outputPaths = (
				"$(DERIVED_FILE_DIR)/Pods-Vibe-checkManifestLockResult.txt",
			);
			runOnlyForDeploymentPostprocessing = 0;
			shellPath = /bin/sh;
			shellScript = "diff \"${PODS_PODFILE_DIR_PATH}/Podfile.lock\" \"${PODS_ROOT}/Manifest.lock\" > /dev/null\nif [ $? != 0 ] ; then\n    # print error to STDERR\n    echo \"error: The sandbox is not in sync with the Podfile.lock. Run 'pod install' or update your CocoaPods installation.\" >&2\n    exit 1\nfi\n# This output is used by Xcode 'outputs' to avoid re-running this script phase.\necho \"SUCCESS\" > \"${SCRIPT_OUTPUT_FILE_0}\"\n";
			showEnvVarsInLog = 0;
		};
/* End PBXShellScriptBuildPhase section */

/* Begin PBXSourcesBuildPhase section */
		B6E7882D23A562360035BCD0 /* Sources */ = {
			isa = PBXSourcesBuildPhase;
			buildActionMask = 2147483647;
			files = (
				B6E7883E23A562380035BCD0 /* main.m in Sources */,
				B6E7883623A562360035BCD0 /* AppDelegate.m in Sources */,
				B660F21A23A6B8C600BBD9C8 /* MainPlayerController.m in Sources */,
				34FF4A3057CF1506B3DE7CCF /* MainWindow.m in Sources */,
				34FF45B77FA9EDF4258289C1 /* AudioTrackMetadata.mm in Sources */,
				34FF41F5F64CA81A54C15EBC /* AudioTrack.m in Sources */,
				B6C43BC423AA5837009B6536 /* AudioPlayer.m in Sources */,
				34FF436EF02E710717AE6437 /* AudioWaveformView.m in Sources */,
				34FF474E4200A813A4A01606 /* NSString+CPPStrings.mm in Sources */,
				34FF44C6E3C9B3377BED7C95 /* NSURLUtil.m in Sources */,
				34FF487C9B7D9AD974784F26 /* NSDockTile+Util.m in Sources */,
				34FF480939F28858AEDD48A9 /* NSImage+Util.m in Sources */,
				34FF49E36A38DEEE0C5C5BF7 /* ScaledImageView.m in Sources */,
				34FF4D27197C1E52BD1AA878 /* RSVerticallyCenteredTextFieldCell.m in Sources */,
				34FF4478E449DFA4CB901A2A /* PlaylistManager.m in Sources */,
				34FF44EE58D1AE8AD48B9279 /* PlaylistTextCell.m in Sources */,
				34FF41BE3184E3C5506D4AE3 /* AlphaButton.m in Sources */,
				34FF42EB48C6F88B3E1B894F /* SYFlatButton.m in Sources */,
				34FF4E2D117470FD1A7BADA7 /* AudioWaveform.m in Sources */,
			);
			runOnlyForDeploymentPostprocessing = 0;
		};
/* End PBXSourcesBuildPhase section */

/* Begin PBXVariantGroup section */
		B6E7883923A562380035BCD0 /* MainMenu.xib */ = {
			isa = PBXVariantGroup;
			children = (
				B6E7883A23A562380035BCD0 /* Base */,
			);
			name = MainMenu.xib;
			sourceTree = "<group>";
		};
/* End PBXVariantGroup section */

/* Begin XCBuildConfiguration section */
		B6E7884023A562380035BCD0 /* Debug */ = {
			isa = XCBuildConfiguration;
			buildSettings = {
				ALWAYS_SEARCH_USER_PATHS = NO;
				CLANG_ANALYZER_NONNULL = YES;
				CLANG_ANALYZER_NUMBER_OBJECT_CONVERSION = YES_AGGRESSIVE;
				CLANG_CXX_LANGUAGE_STANDARD = "gnu++14";
				CLANG_CXX_LIBRARY = "libc++";
				CLANG_ENABLE_MODULES = YES;
				CLANG_ENABLE_OBJC_ARC = YES;
				CLANG_ENABLE_OBJC_WEAK = YES;
				CLANG_WARN_BLOCK_CAPTURE_AUTORELEASING = YES;
				CLANG_WARN_BOOL_CONVERSION = YES;
				CLANG_WARN_COMMA = YES;
				CLANG_WARN_CONSTANT_CONVERSION = YES;
				CLANG_WARN_DEPRECATED_OBJC_IMPLEMENTATIONS = YES;
				CLANG_WARN_DIRECT_OBJC_ISA_USAGE = YES_ERROR;
				CLANG_WARN_DOCUMENTATION_COMMENTS = YES;
				CLANG_WARN_EMPTY_BODY = YES;
				CLANG_WARN_ENUM_CONVERSION = YES;
				CLANG_WARN_INFINITE_RECURSION = YES;
				CLANG_WARN_INT_CONVERSION = YES;
				CLANG_WARN_NON_LITERAL_NULL_CONVERSION = YES;
				CLANG_WARN_OBJC_IMPLICIT_RETAIN_SELF = YES;
				CLANG_WARN_OBJC_LITERAL_CONVERSION = YES;
				CLANG_WARN_OBJC_ROOT_CLASS = YES_ERROR;
				CLANG_WARN_RANGE_LOOP_ANALYSIS = YES;
				CLANG_WARN_STRICT_PROTOTYPES = YES;
				CLANG_WARN_SUSPICIOUS_MOVE = YES;
				CLANG_WARN_UNGUARDED_AVAILABILITY = YES_AGGRESSIVE;
				CLANG_WARN_UNREACHABLE_CODE = YES;
				CLANG_WARN__DUPLICATE_METHOD_MATCH = YES;
				COPY_PHASE_STRIP = NO;
				DEBUG_INFORMATION_FORMAT = dwarf;
				ENABLE_STRICT_OBJC_MSGSEND = YES;
				ENABLE_TESTABILITY = YES;
				GCC_C_LANGUAGE_STANDARD = gnu11;
				GCC_DYNAMIC_NO_PIC = NO;
				GCC_NO_COMMON_BLOCKS = YES;
				GCC_OPTIMIZATION_LEVEL = 0;
				GCC_PRECOMPILE_PREFIX_HEADER = YES;
				GCC_PREFIX_HEADER = "$(SRCROOT)/Vibe/Vibe.pch";
				GCC_PREPROCESSOR_DEFINITIONS = (
					"DEBUG=1",
					"$(inherited)",
				);
				GCC_WARN_64_TO_32_BIT_CONVERSION = YES;
				GCC_WARN_ABOUT_RETURN_TYPE = YES_ERROR;
				GCC_WARN_UNDECLARED_SELECTOR = YES;
				GCC_WARN_UNINITIALIZED_AUTOS = YES_AGGRESSIVE;
				GCC_WARN_UNUSED_FUNCTION = YES;
				GCC_WARN_UNUSED_VARIABLE = YES;
				MACOSX_DEPLOYMENT_TARGET = 10.15;
				MTL_ENABLE_DEBUG_INFO = INCLUDE_SOURCE;
				MTL_FAST_MATH = YES;
				ONLY_ACTIVE_ARCH = YES;
				OTHER_LDFLAGS = "-headerpad_max_install_names";
				SDKROOT = macosx;
			};
			name = Debug;
		};
		B6E7884123A562380035BCD0 /* Release */ = {
			isa = XCBuildConfiguration;
			buildSettings = {
				ALWAYS_SEARCH_USER_PATHS = NO;
				CLANG_ANALYZER_NONNULL = YES;
				CLANG_ANALYZER_NUMBER_OBJECT_CONVERSION = YES_AGGRESSIVE;
				CLANG_CXX_LANGUAGE_STANDARD = "gnu++14";
				CLANG_CXX_LIBRARY = "libc++";
				CLANG_ENABLE_MODULES = YES;
				CLANG_ENABLE_OBJC_ARC = YES;
				CLANG_ENABLE_OBJC_WEAK = YES;
				CLANG_WARN_BLOCK_CAPTURE_AUTORELEASING = YES;
				CLANG_WARN_BOOL_CONVERSION = YES;
				CLANG_WARN_COMMA = YES;
				CLANG_WARN_CONSTANT_CONVERSION = YES;
				CLANG_WARN_DEPRECATED_OBJC_IMPLEMENTATIONS = YES;
				CLANG_WARN_DIRECT_OBJC_ISA_USAGE = YES_ERROR;
				CLANG_WARN_DOCUMENTATION_COMMENTS = YES;
				CLANG_WARN_EMPTY_BODY = YES;
				CLANG_WARN_ENUM_CONVERSION = YES;
				CLANG_WARN_INFINITE_RECURSION = YES;
				CLANG_WARN_INT_CONVERSION = YES;
				CLANG_WARN_NON_LITERAL_NULL_CONVERSION = YES;
				CLANG_WARN_OBJC_IMPLICIT_RETAIN_SELF = YES;
				CLANG_WARN_OBJC_LITERAL_CONVERSION = YES;
				CLANG_WARN_OBJC_ROOT_CLASS = YES_ERROR;
				CLANG_WARN_RANGE_LOOP_ANALYSIS = YES;
				CLANG_WARN_STRICT_PROTOTYPES = YES;
				CLANG_WARN_SUSPICIOUS_MOVE = YES;
				CLANG_WARN_UNGUARDED_AVAILABILITY = YES_AGGRESSIVE;
				CLANG_WARN_UNREACHABLE_CODE = YES;
				CLANG_WARN__DUPLICATE_METHOD_MATCH = YES;
				COPY_PHASE_STRIP = NO;
				DEBUG_INFORMATION_FORMAT = "dwarf-with-dsym";
				ENABLE_NS_ASSERTIONS = NO;
				ENABLE_STRICT_OBJC_MSGSEND = YES;
				GCC_C_LANGUAGE_STANDARD = gnu11;
				GCC_NO_COMMON_BLOCKS = YES;
				GCC_PRECOMPILE_PREFIX_HEADER = YES;
				GCC_PREFIX_HEADER = "$(SRCROOT)/Vibe/Vibe.pch";
				GCC_WARN_64_TO_32_BIT_CONVERSION = YES;
				GCC_WARN_ABOUT_RETURN_TYPE = YES_ERROR;
				GCC_WARN_UNDECLARED_SELECTOR = YES;
				GCC_WARN_UNINITIALIZED_AUTOS = YES_AGGRESSIVE;
				GCC_WARN_UNUSED_FUNCTION = YES;
				GCC_WARN_UNUSED_VARIABLE = YES;
				MACOSX_DEPLOYMENT_TARGET = 10.15;
				MTL_ENABLE_DEBUG_INFO = NO;
				MTL_FAST_MATH = YES;
				OTHER_LDFLAGS = "-headerpad_max_install_names";
				SDKROOT = macosx;
			};
			name = Release;
		};
		B6E7884323A562380035BCD0 /* Debug */ = {
			isa = XCBuildConfiguration;
			baseConfigurationReference = 41543533A70D357DE2562A6C /* Pods-Vibe.debug.xcconfig */;
			buildSettings = {
				ASSETCATALOG_COMPILER_APPICON_NAME = AppIcon;
				CLANG_ENABLE_MODULES = YES;
				CODE_SIGN_ENTITLEMENTS = Vibe/Vibe.entitlements;
				CODE_SIGN_IDENTITY = "-";
				CODE_SIGN_STYLE = Manual;
				COMBINE_HIDPI_IMAGES = YES;
				DEVELOPMENT_TEAM = "";
				HEADER_SEARCH_PATHS = (
					"$(inherited)",
					"\"${PODS_CONFIGURATION_BUILD_DIR}/CocoaLumberjack/CocoaLumberjack.framework/Headers\"",
					"\"${PODS_CONFIGURATION_BUILD_DIR}/SVGKit/SVGKit.framework/Headers\"",
					"$(SDKROOT)/usr/include/libxml2",
				);
				INFOPLIST_FILE = Vibe/Info.plist;
				LD_RUNPATH_SEARCH_PATHS = (
					"$(inherited)",
					"@executable_path/../Frameworks",
				);
				LIBRARY_SEARCH_PATHS = (
					"$(inherited)",
					"$(SRCROOT)/Libraries/bass",
				);
				PRODUCT_BUNDLE_IDENTIFIER = com.commonwealthrecordings.Vibe;
				PRODUCT_NAME = "$(TARGET_NAME)";
				PROVISIONING_PROFILE_SPECIFIER = "";
				SWIFT_OBJC_BRIDGING_HEADER = "Vibe/Audio/Vibe-Bridging-Header.h";
				SWIFT_OPTIMIZATION_LEVEL = "-Onone";
				SWIFT_VERSION = 5.0;
			};
			name = Debug;
		};
		B6E7884423A562380035BCD0 /* Release */ = {
			isa = XCBuildConfiguration;
			baseConfigurationReference = 25635E47A34F0C3EAEB23D01 /* Pods-Vibe.release.xcconfig */;
			buildSettings = {
				ASSETCATALOG_COMPILER_APPICON_NAME = AppIcon;
				CLANG_ENABLE_MODULES = YES;
				CODE_SIGN_ENTITLEMENTS = Vibe/Vibe.entitlements;
				CODE_SIGN_IDENTITY = "-";
				CODE_SIGN_STYLE = Manual;
				COMBINE_HIDPI_IMAGES = YES;
				DEVELOPMENT_TEAM = "";
				HEADER_SEARCH_PATHS = (
					"$(inherited)",
					"\"${PODS_CONFIGURATION_BUILD_DIR}/CocoaLumberjack/CocoaLumberjack.framework/Headers\"",
					"\"${PODS_CONFIGURATION_BUILD_DIR}/SVGKit/SVGKit.framework/Headers\"",
					"$(SDKROOT)/usr/include/libxml2",
				);
				INFOPLIST_FILE = Vibe/Info.plist;
				LD_RUNPATH_SEARCH_PATHS = (
					"$(inherited)",
					"@executable_path/../Frameworks",
				);
				LIBRARY_SEARCH_PATHS = (
					"$(inherited)",
					"$(SRCROOT)/Libraries/bass",
				);
				PRODUCT_BUNDLE_IDENTIFIER = com.commonwealthrecordings.Vibe;
				PRODUCT_NAME = "$(TARGET_NAME)";
				PROVISIONING_PROFILE_SPECIFIER = "";
				SWIFT_OBJC_BRIDGING_HEADER = "Vibe/Audio/Vibe-Bridging-Header.h";
				SWIFT_VERSION = 5.0;
			};
			name = Release;
		};
/* End XCBuildConfiguration section */

/* Begin XCConfigurationList section */
		B6E7882C23A562360035BCD0 /* Build configuration list for PBXProject "Vibe" */ = {
			isa = XCConfigurationList;
			buildConfigurations = (
				B6E7884023A562380035BCD0 /* Debug */,
				B6E7884123A562380035BCD0 /* Release */,
			);
			defaultConfigurationIsVisible = 0;
			defaultConfigurationName = Release;
		};
		B6E7884223A562380035BCD0 /* Build configuration list for PBXNativeTarget "Vibe" */ = {
			isa = XCConfigurationList;
			buildConfigurations = (
				B6E7884323A562380035BCD0 /* Debug */,
				B6E7884423A562380035BCD0 /* Release */,
			);
			defaultConfigurationIsVisible = 0;
			defaultConfigurationName = Release;
		};
/* End XCConfigurationList section */
	};
	rootObject = B6E7882923A562360035BCD0 /* Project object */;
}
